
Microsoft Visual Studio Solution File, Format Version 12.00
# Visual Studio Version 16
VisualStudioVersion = 16.0.29709.97
MinimumVisualStudioVersion = 10.0.40219.1
Project("{8BC9CEB8-8B4A-11D0-8D11-00A0C91BC942}") = "24_ReverseList", "24_ReverseList\24_ReverseList.vcxproj", "{A3DFCD20-3843-4FE9-BCDF-F8DAA929C359}"
EndProject
Global
	GlobalSection(SolutionConfigurationPlatforms) = preSolution
		Debug|x64 = Debug|x64
		Debug|x86 = Debug|x86
		Release|x64 = Release|x64
		Release|x86 = Release|x86
	EndGlobalSection
	GlobalSection(ProjectConfigurationPlatforms) = postSolution
		{A3DFCD20-3843-4FE9-BCDF-F8DAA929C359}.Debug|x64.ActiveCfg = Debug|x64
		{A3DFCD20-3843-4FE9-BCDF-F8DAA929C359}.Debug|x64.Build.0 = Debug|x64
		{A3DFCD20-3843-4FE9-BCDF-F8DAA929C359}.Debug|x86.ActiveCfg = Debug|Win32
		{A3DFCD20-3843-4FE9-BCDF-F8DAA929C359}.Debug|x86.Build.0 = Debug|Win32
		{A3DFCD20-3843-4FE9-BCDF-F8DAA929C359}.Release|x64.ActiveCfg = Release|x64
		{A3DFCD20-3843-4FE9-BCDF-F8DAA929C359}.Release|x64.Build.0 = Release|x64
		{A3DFCD20-3843-4FE9-BCDF-F8DAA929C359}.Release|x86.ActiveCfg = Release|Win32
		{A3DFCD20-3843-4FE9-BCDF-F8DAA929C359}.Release|x86.Build.0 = Release|Win32
	EndGlobalSection
	GlobalSection(SolutionProperties) = preSolution
		HideSolutionNode = FALSE
	EndGlobalSection
	GlobalSection(ExtensibilityGlobals) = postSolution
		SolutionGuid = {77AAB0A2-DA28-47B8-9874-5DB1C7B42200}
	EndGlobalSection
EndGlobal
