
Microsoft Visual Studio Solution File, Format Version 12.00
# Visual Studio Version 16
VisualStudioVersion = 16.0.29709.97
MinimumVisualStudioVersion = 10.0.40219.1
Project("{8BC9CEB8-8B4A-11D0-8D11-00A0C91BC942}") = "07_BuildBinaryTree", "07_BuildBinaryTree\07_BuildBinaryTree.vcxproj", "{7F9AB80D-2671-4F97-8998-342DA946B0BC}"
EndProject
Global
	GlobalSection(SolutionConfigurationPlatforms) = preSolution
		Debug|x64 = Debug|x64
		Debug|x86 = Debug|x86
		Release|x64 = Release|x64
		Release|x86 = Release|x86
	EndGlobalSection
	GlobalSection(ProjectConfigurationPlatforms) = postSolution
		{7F9AB80D-2671-4F97-8998-342DA946B0BC}.Debug|x64.ActiveCfg = Debug|x64
		{7F9AB80D-2671-4F97-8998-342DA946B0BC}.Debug|x64.Build.0 = Debug|x64
		{7F9AB80D-2671-4F97-8998-342DA946B0BC}.Debug|x86.ActiveCfg = Debug|Win32
		{7F9AB80D-2671-4F97-8998-342DA946B0BC}.Debug|x86.Build.0 = Debug|Win32
		{7F9AB80D-2671-4F97-8998-342DA946B0BC}.Release|x64.ActiveCfg = Release|x64
		{7F9AB80D-2671-4F97-8998-342DA946B0BC}.Release|x64.Build.0 = Release|x64
		{7F9AB80D-2671-4F97-8998-342DA946B0BC}.Release|x86.ActiveCfg = Release|Win32
		{7F9AB80D-2671-4F97-8998-342DA946B0BC}.Release|x86.Build.0 = Release|Win32
	EndGlobalSection
	GlobalSection(SolutionProperties) = preSolution
		HideSolutionNode = FALSE
	EndGlobalSection
	GlobalSection(ExtensibilityGlobals) = postSolution
		SolutionGuid = {1233FCD2-1C22-434E-8A44-E82356EB052F}
	EndGlobalSection
EndGlobal
