
Microsoft Visual Studio Solution File, Format Version 12.00
# Visual Studio Version 16
VisualStudioVersion = 16.0.29709.97
MinimumVisualStudioVersion = 10.0.40219.1
Project("{8BC9CEB8-8B4A-11D0-8D11-00A0C91BC942}") = "03_02_DuplicationInArray_NoEdit", "03_02_DuplicationInArray_NoEdit\03_02_DuplicationInArray_NoEdit.vcxproj", "{2FAB78F2-82FA-4E1D-9DAB-DA95F52D7BC2}"
EndProject
Global
	GlobalSection(SolutionConfigurationPlatforms) = preSolution
		Debug|x64 = Debug|x64
		Debug|x86 = Debug|x86
		Release|x64 = Release|x64
		Release|x86 = Release|x86
	EndGlobalSection
	GlobalSection(ProjectConfigurationPlatforms) = postSolution
		{2FAB78F2-82FA-4E1D-9DAB-DA95F52D7BC2}.Debug|x64.ActiveCfg = Debug|x64
		{2FAB78F2-82FA-4E1D-9DAB-DA95F52D7BC2}.Debug|x64.Build.0 = Debug|x64
		{2FAB78F2-82FA-4E1D-9DAB-DA95F52D7BC2}.Debug|x86.ActiveCfg = Debug|Win32
		{2FAB78F2-82FA-4E1D-9DAB-DA95F52D7BC2}.Debug|x86.Build.0 = Debug|Win32
		{2FAB78F2-82FA-4E1D-9DAB-DA95F52D7BC2}.Release|x64.ActiveCfg = Release|x64
		{2FAB78F2-82FA-4E1D-9DAB-DA95F52D7BC2}.Release|x64.Build.0 = Release|x64
		{2FAB78F2-82FA-4E1D-9DAB-DA95F52D7BC2}.Release|x86.ActiveCfg = Release|Win32
		{2FAB78F2-82FA-4E1D-9DAB-DA95F52D7BC2}.Release|x86.Build.0 = Release|Win32
	EndGlobalSection
	GlobalSection(SolutionProperties) = preSolution
		HideSolutionNode = FALSE
	EndGlobalSection
	GlobalSection(ExtensibilityGlobals) = postSolution
		SolutionGuid = {EDDEA3DB-9F9B-42CD-8297-96DDC058E33B}
	EndGlobalSection
EndGlobal
