
Microsoft Visual Studio Solution File, Format Version 12.00
# Visual Studio Version 16
VisualStudioVersion = 16.0.29709.97
MinimumVisualStudioVersion = 10.0.40219.1
Project("{8BC9CEB8-8B4A-11D0-8D11-00A0C91BC942}") = "36_BSTtoDoubleLinkedList", "36_BSTtoDoubleLinkedList\36_BSTtoDoubleLinkedList.vcxproj", "{8C372D36-12DF-40C5-A8D7-5CD547BB4F15}"
EndProject
Global
	GlobalSection(SolutionConfigurationPlatforms) = preSolution
		Debug|x64 = Debug|x64
		Debug|x86 = Debug|x86
		Release|x64 = Release|x64
		Release|x86 = Release|x86
	EndGlobalSection
	GlobalSection(ProjectConfigurationPlatforms) = postSolution
		{8C372D36-12DF-40C5-A8D7-5CD547BB4F15}.Debug|x64.ActiveCfg = Debug|x64
		{8C372D36-12DF-40C5-A8D7-5CD547BB4F15}.Debug|x64.Build.0 = Debug|x64
		{8C372D36-12DF-40C5-A8D7-5CD547BB4F15}.Debug|x86.ActiveCfg = Debug|Win32
		{8C372D36-12DF-40C5-A8D7-5CD547BB4F15}.Debug|x86.Build.0 = Debug|Win32
		{8C372D36-12DF-40C5-A8D7-5CD547BB4F15}.Release|x64.ActiveCfg = Release|x64
		{8C372D36-12DF-40C5-A8D7-5CD547BB4F15}.Release|x64.Build.0 = Release|x64
		{8C372D36-12DF-40C5-A8D7-5CD547BB4F15}.Release|x86.ActiveCfg = Release|Win32
		{8C372D36-12DF-40C5-A8D7-5CD547BB4F15}.Release|x86.Build.0 = Release|Win32
	EndGlobalSection
	GlobalSection(SolutionProperties) = preSolution
		HideSolutionNode = FALSE
	EndGlobalSection
	GlobalSection(ExtensibilityGlobals) = postSolution
		SolutionGuid = {1325A1C0-2D1E-42A8-83C5-6F5DD4DF8934}
	EndGlobalSection
EndGlobal
